# This file is automatically @generated by Cargo.
# It is not intended for manual editing.
version = 3

[[package]]
name = "ident_concat"
version = "0.2.1"
source = "registry+https://github.com/rust-lang/crates.io-index"
checksum = "1426cdce2049b1d284dca790523f2562f4597a9d2cb4406827950048bb4a0392"

[[package]]
name = "micro_ndarray"
version = "0.5.1"
dependencies = [
 "ident_concat",
 "vec_split",
]

[[package]]
name = "vec_split"
version = "0.1.4"
source = "registry+https://github.com/rust-lang/crates.io-index"
checksum = "e0e1a6038ca5e0183c36a9f19c0610277a0cd91680f2fbe37ccd2e7798cfc93b"
