# This file is automatically @generated by Cargo.
# It is not intended for manual editing.
version = 3

[[package]]
name = "micro_ndarray"
version = "0.4.0"
dependencies = [
 "vec_split",
]

[[package]]
name = "vec_split"
version = "0.1.2"
source = "registry+https://github.com/rust-lang/crates.io-index"
checksum = "fd63fa7ea5a7aa0dc8fb3f1893a1816d53d5b9311188edbd0d3984190bb8d77c"
